lockfileVersion: '9.0'

settings:
  autoInstallPeers: true
  excludeLinksFromLockfile: false

importers:

  .:
    devDependencies:
      '@gplassard/projen-extensions':
        specifier: ^0.0.122
        version: 0.0.122(constructs@10.3.0)(projen@0.88.0(constructs@10.3.0))
      projen:
        specifier: ^0.88.0
        version: 0.88.0(constructs@10.3.0)

packages:

  '@gplassard/projen-extensions@0.0.122':
    resolution: {integrity: sha512-DmaU9rZG1l+dRH5qemuHS0ilcZdt+mOIXwxImShNvnqqhoSCz6z7ylQ3gLtdg/V9pajx6zG4/aq5NU0Bh8zMQg==, tarball: https://npm.pkg.github.com/download/@gplassard/projen-extensions/0.0.122/f5692cec5e6f735556d0662108e82013398b3054}
    peerDependencies:
      constructs: ^10.3.0
      projen: ^0.88.0

  constructs@10.3.0:
    resolution: {integrity: sha512-vbK8i3rIb/xwZxSpTjz3SagHn1qq9BChLEfy5Hf6fB3/2eFbrwt2n9kHwQcS0CPTRBesreeAcsJfMq2229FnbQ==}
    engines: {node: '>= 16.14.0'}

  projen@0.88.0:
    resolution: {integrity: sha512-7A6OAgL7Gz6R2yWMUlqMqZw7r5jOeqfpNLg+BZbLg3UXbtPsdOjPDp0NroGXxFkqW7NcVPzs7/lF7DZ6H9pRSQ==}
    engines: {node: '>= 16.0.0'}
    hasBin: true
    peerDependencies:
      constructs: ^10.0.0
    bundledDependencies:
      - '@iarna/toml'
      - case
      - chalk
      - comment-json
      - conventional-changelog-config-spec
      - fast-json-patch
      - glob
      - ini
      - semver
      - shx
      - xmlbuilder2
      - yaml
      - yargs

snapshots:

  '@gplassard/projen-extensions@0.0.122(constructs@10.3.0)(projen@0.88.0(constructs@10.3.0))':
    dependencies:
      constructs: 10.3.0
      projen: 0.88.0(constructs@10.3.0)

  constructs@10.3.0: {}

  projen@0.88.0(constructs@10.3.0):
    dependencies:
      constructs: 10.3.0
